<?xml version="1.0" encoding="utf-8"?>
<Project ToolsVersion="4.0" xmlns="http://schemas.microsoft.com/developer/msbuild/2003">
  <ItemGroup>
    <Filter Include="Source Files">
      <UniqueIdentifier>{4FC737F1-C7A5-4376-A066-2A32D752A2FF}</UniqueIdentifier>
      <Extensions>cpp;c;cc;cxx;c++;cppm;ixx;def;odl;idl;hpj;bat;asm;asmx</Extensions>
    </Filter>
    <Filter Include="Header Files">
      <UniqueIdentifier>{93995380-89BD-4b04-88EB-625FBE52EBFB}</UniqueIdentifier>
      <Extensions>h;hh;hpp;hxx;h++;hm;inl;inc;ipp;xsd</Extensions>
    </Filter>
    <Filter Include="Resource Files">
      <UniqueIdentifier>{67DA6AB6-F800-4c08-8B7A-83BB121AAD01}</UniqueIdentifier>
      <Extensions>rc;ico;cur;bmp;dlg;rc2;rct;bin;rgs;gif;jpg;jpeg;jpe;resx;tiff;tif;png;wav;mfcribbon-ms</Extensions>
    </Filter>
    <Filter Include="Header Files\Helper">
      <UniqueIdentifier>{a3123375-a07a-4510-843a-d496c765410a}</UniqueIdentifier>
    </Filter>
    <Filter Include="Source Files\Helper">
      <UniqueIdentifier>{fb120fdc-981e-49a4-999a-972de8411b17}</UniqueIdentifier>
    </Filter>
    <Filter Include="Header Files\BouncingBall">
      <UniqueIdentifier>{a62a55c0-1543-49b9-80ee-973b25482e4f}</UniqueIdentifier>
    </Filter>
    <Filter Include="Header Files\2DArray">
      <UniqueIdentifier>{ea3075b0-eb49-49c3-9634-d24e33e65179}</UniqueIdentifier>
    </Filter>
    <Filter Include="Header Files\Poker">
      <UniqueIdentifier>{7fdd0231-79ab-4d24-9c57-069a6bea3fa6}</UniqueIdentifier>
    </Filter>
    <Filter Include="Source Files\BouncingBall">
      <UniqueIdentifier>{8c436199-640b-4589-99a7-4fa6f94e315a}</UniqueIdentifier>
    </Filter>
    <Filter Include="Source Files\2DArray">
      <UniqueIdentifier>{e04c9b01-6077-47ec-92a1-95ce4cc26920}</UniqueIdentifier>
    </Filter>
    <Filter Include="Source Files\Poker">
      <UniqueIdentifier>{57ade804-1491-4bda-a92d-0f8ded7eef40}</UniqueIdentifier>
    </Filter>
    <Filter Include="Source Files\Game">
      <UniqueIdentifier>{726d1e97-008b-492b-8f02-6318cec9386e}</UniqueIdentifier>
    </Filter>
    <Filter Include="Source Files\Calculator">
      <UniqueIdentifier>{2e362030-5a5d-4917-84f8-2c6c1405dff5}</UniqueIdentifier>
    </Filter>
    <Filter Include="Header Files\Game">
      <UniqueIdentifier>{ce52557a-3366-4a04-a9a5-115ae59dad30}</UniqueIdentifier>
    </Filter>
    <Filter Include="Header Files\Calculator">
      <UniqueIdentifier>{22db02f2-3ea7-47e7-829f-d04677ecad1d}</UniqueIdentifier>
    </Filter>
  </ItemGroup>
  <ItemGroup>
    <ClCompile Include="Main.cpp">
      <Filter>Source Files</Filter>
    </ClCompile>
    <ClCompile Include="Portfolio.cpp">
      <Filter>Source Files</Filter>
    </ClCompile>
    <ClCompile Include="Program.cpp">
      <Filter>Source Files</Filter>
    </ClCompile>
    <ClCompile Include="Helper\Button.cpp">
      <Filter>Source Files\Helper</Filter>
    </ClCompile>
    <ClCompile Include="Helper\Fonts.cpp">
      <Filter>Source Files\Helper</Filter>
    </ClCompile>
    <ClCompile Include="Helper\MouseEvents.cpp">
      <Filter>Source Files\Helper</Filter>
    </ClCompile>
    <ClCompile Include="Helper\Position.cpp">
      <Filter>Source Files\Helper</Filter>
    </ClCompile>
    <ClCompile Include="GridProgram.cpp">
      <Filter>Source Files\2DArray</Filter>
    </ClCompile>
    <ClCompile Include="Grid\SFMLGrid.cpp">
      <Filter>Source Files\2DArray</Filter>
    </ClCompile>
    <ClCompile Include="BoucingBallProgram.cpp">
      <Filter>Source Files\BouncingBall</Filter>
    </ClCompile>
    <ClCompile Include="BouncingBall\Ball.cpp">
      <Filter>Source Files\BouncingBall</Filter>
    </ClCompile>
    <ClCompile Include="BouncingBall\BouncingBall.cpp">
      <Filter>Source Files\BouncingBall</Filter>
    </ClCompile>
    <ClCompile Include="Calculator\Calculator.cpp">
      <Filter>Source Files\Calculator</Filter>
    </ClCompile>
    <ClCompile Include="CalculatorProgram.cpp">
      <Filter>Source Files\Calculator</Filter>
    </ClCompile>
    <ClCompile Include="Calculator\InvalidPostfixExpressionException.cpp">
      <Filter>Source Files\Calculator</Filter>
    </ClCompile>
    <ClCompile Include="Calculator\Display.cpp">
      <Filter>Source Files\Calculator</Filter>
    </ClCompile>
    <ClCompile Include="Calculator\Postfix.cpp">
      <Filter>Source Files\Calculator</Filter>
    </ClCompile>
    <ClCompile Include="Calculator\RPN.cpp">
      <Filter>Source Files\Calculator</Filter>
    </ClCompile>
    <ClCompile Include="Calculator\Term.cpp">
      <Filter>Source Files\Calculator</Filter>
    </ClCompile>
    <ClCompile Include="Poker\Board.cpp">
      <Filter>Source Files\Poker</Filter>
    </ClCompile>
    <ClCompile Include="Poker\Card.cpp">
      <Filter>Source Files\Poker</Filter>
    </ClCompile>
    <ClCompile Include="Poker\CardHand.cpp">
      <Filter>Source Files\Poker</Filter>
    </ClCompile>
    <ClCompile Include="Poker\CardHandScorer.cpp">
      <Filter>Source Files\Poker</Filter>
    </ClCompile>
    <ClCompile Include="Poker\Deck.cpp">
      <Filter>Source Files\Poker</Filter>
    </ClCompile>
    <ClCompile Include="Poker\DisplayCard.cpp">
      <Filter>Source Files\Poker</Filter>
    </ClCompile>
    <ClCompile Include="Poker\PokerScoreCard.cpp">
      <Filter>Source Files\Poker</Filter>
    </ClCompile>
    <ClCompile Include="Poker\PokerSpriteSheet.cpp">
      <Filter>Source Files\Poker</Filter>
    </ClCompile>
    <ClCompile Include="Poker\ScoreBox.cpp">
      <Filter>Source Files\Poker</Filter>
    </ClCompile>
    <ClCompile Include="Game\AnimatedSpriteSheet.cpp">
      <Filter>Source Files\Game</Filter>
    </ClCompile>
    <ClCompile Include="Game\Animation.cpp">
      <Filter>Source Files\Game</Filter>
    </ClCompile>
    <ClCompile Include="Game\Asteroid.cpp">
      <Filter>Source Files\Game</Filter>
    </ClCompile>
    <ClCompile Include="Game\BigExplosion.cpp">
      <Filter>Source Files\Game</Filter>
    </ClCompile>
    <ClCompile Include="Game\Bullet.cpp">
      <Filter>Source Files\Game</Filter>
    </ClCompile>
    <ClCompile Include="Game\Entity.cpp">
      <Filter>Source Files\Game</Filter>
    </ClCompile>
    <ClCompile Include="Game\Explosion.cpp">
      <Filter>Source Files\Game</Filter>
    </ClCompile>
    <ClCompile Include="Game\Frame.cpp">
      <Filter>Source Files\Game</Filter>
    </ClCompile>
    <ClCompile Include="Game\game.cpp">
      <Filter>Source Files\Game</Filter>
    </ClCompile>
    <ClCompile Include="Game\GameState.cpp">
      <Filter>Source Files\Game</Filter>
    </ClCompile>
    <ClCompile Include="Game\MainMenuState.cpp">
      <Filter>Source Files\Game</Filter>
    </ClCompile>
    <ClCompile Include="Game\Particle.cpp">
      <Filter>Source Files\Game</Filter>
    </ClCompile>
    <ClCompile Include="Game\Planet.cpp">
      <Filter>Source Files\Game</Filter>
    </ClCompile>
    <ClCompile Include="Game\Player.cpp">
      <Filter>Source Files\Game</Filter>
    </ClCompile>
    <ClCompile Include="Game\State.cpp">
      <Filter>Source Files\Game</Filter>
    </ClCompile>
    <ClCompile Include="Game\TextBox.cpp">
      <Filter>Source Files\Game</Filter>
    </ClCompile>
    <ClCompile Include="Game\TitleScreenState.cpp">
      <Filter>Source Files\Game</Filter>
    </ClCompile>
    <ClCompile Include="Game\UFO.cpp">
      <Filter>Source Files\Game</Filter>
    </ClCompile>
    <ClCompile Include="PokerProgram.cpp">
      <Filter>Source Files\Poker</Filter>
    </ClCompile>
    <ClCompile Include="Helper\Textures.cpp">
      <Filter>Source Files\Helper</Filter>
    </ClCompile>
  </ItemGroup>
  <ItemGroup>
    <ClInclude Include="Portfolio.h">
      <Filter>Header Files</Filter>
    </ClInclude>
    <ClInclude Include="Program.h">
      <Filter>Header Files</Filter>
    </ClInclude>
    <ClInclude Include="Helper\Button.h">
      <Filter>Header Files\Helper</Filter>
    </ClInclude>
    <ClInclude Include="Helper\ColorPalette.h">
      <Filter>Header Files\Helper</Filter>
    </ClInclude>
    <ClInclude Include="Helper\Fonts.h">
      <Filter>Header Files\Helper</Filter>
    </ClInclude>
    <ClInclude Include="Helper\MouseEvents.h">
      <Filter>Header Files\Helper</Filter>
    </ClInclude>
    <ClInclude Include="Helper\Position.h">
      <Filter>Header Files\Helper</Filter>
    </ClInclude>
    <ClInclude Include="GridProgram.h">
      <Filter>Header Files\2DArray</Filter>
    </ClInclude>
    <ClInclude Include="Grid\SFMLGrid.h">
      <Filter>Header Files\2DArray</Filter>
    </ClInclude>
    <ClInclude Include="BoucingBallProgram.h">
      <Filter>Header Files\BouncingBall</Filter>
    </ClInclude>
    <ClInclude Include="BouncingBall\Ball.h">
      <Filter>Header Files\BouncingBall</Filter>
    </ClInclude>
    <ClInclude Include="BouncingBall\BouncingBall.h">
      <Filter>Header Files\BouncingBall</Filter>
    </ClInclude>
    <ClInclude Include="Calculator\Term.h">
      <Filter>Header Files\Calculator</Filter>
    </ClInclude>
    <ClInclude Include="Calculator\RPN.h">
      <Filter>Header Files\Calculator</Filter>
    </ClInclude>
    <ClInclude Include="Calculator\Postfix.h">
      <Filter>Header Files\Calculator</Filter>
    </ClInclude>
    <ClInclude Include="CalculatorProgram.h">
      <Filter>Header Files\Calculator</Filter>
    </ClInclude>
    <ClInclude Include="Calculator\Calculator.h">
      <Filter>Header Files\Calculator</Filter>
    </ClInclude>
    <ClInclude Include="Calculator\InvalidPostfixExpressionException.h">
      <Filter>Header Files\Calculator</Filter>
    </ClInclude>
    <ClInclude Include="Calculator\Display.h">
      <Filter>Header Files\Calculator</Filter>
    </ClInclude>
    <ClInclude Include="Poker\Board.h">
      <Filter>Header Files\Poker</Filter>
    </ClInclude>
    <ClInclude Include="Poker\Card.h">
      <Filter>Header Files\Poker</Filter>
    </ClInclude>
    <ClInclude Include="Poker\CardHand.h">
      <Filter>Header Files\Poker</Filter>
    </ClInclude>
    <ClInclude Include="Poker\CardHandScorer.h">
      <Filter>Header Files\Poker</Filter>
    </ClInclude>
    <ClInclude Include="Poker\Deck.h">
      <Filter>Header Files\Poker</Filter>
    </ClInclude>
    <ClInclude Include="Poker\DisplayCard.h">
      <Filter>Header Files\Poker</Filter>
    </ClInclude>
    <ClInclude Include="Poker\PokerScoreCard.h">
      <Filter>Header Files\Poker</Filter>
    </ClInclude>
    <ClInclude Include="Poker\PokerSpriteSheet.h">
      <Filter>Header Files\Poker</Filter>
    </ClInclude>
    <ClInclude Include="Poker\Ranks.h">
      <Filter>Header Files\Poker</Filter>
    </ClInclude>
    <ClInclude Include="Poker\Scores.h">
      <Filter>Header Files\Poker</Filter>
    </ClInclude>
    <ClInclude Include="Poker\Suits.h">
      <Filter>Header Files\Poker</Filter>
    </ClInclude>
    <ClInclude Include="Poker\ScoreBox.h">
      <Filter>Header Files\Poker</Filter>
    </ClInclude>
    <ClInclude Include="Game\AnimatedSpriteSheet.h">
      <Filter>Header Files\Game</Filter>
    </ClInclude>
    <ClInclude Include="Game\Animation.h">
      <Filter>Header Files\Game</Filter>
    </ClInclude>
    <ClInclude Include="Game\Asteroid.h">
      <Filter>Header Files\Game</Filter>
    </ClInclude>
    <ClInclude Include="Game\BigExplosion.h">
      <Filter>Header Files\Game</Filter>
    </ClInclude>
    <ClInclude Include="Game\Bullet.h">
      <Filter>Header Files\Game</Filter>
    </ClInclude>
    <ClInclude Include="Game\Entity.h">
      <Filter>Header Files\Game</Filter>
    </ClInclude>
    <ClInclude Include="Game\EntityType.h">
      <Filter>Header Files\Game</Filter>
    </ClInclude>
    <ClInclude Include="Game\Explosion.h">
      <Filter>Header Files\Game</Filter>
    </ClInclude>
    <ClInclude Include="Game\Frame.h">
      <Filter>Header Files\Game</Filter>
    </ClInclude>
    <ClInclude Include="Game\game.h">
      <Filter>Header Files\Game</Filter>
    </ClInclude>
    <ClInclude Include="Game\GameState.h">
      <Filter>Header Files\Game</Filter>
    </ClInclude>
    <ClInclude Include="Game\MainMenuState.h">
      <Filter>Header Files\Game</Filter>
    </ClInclude>
    <ClInclude Include="Game\Particle.h">
      <Filter>Header Files\Game</Filter>
    </ClInclude>
    <ClInclude Include="Game\Planet.h">
      <Filter>Header Files\Game</Filter>
    </ClInclude>
    <ClInclude Include="Game\Player.h">
      <Filter>Header Files\Game</Filter>
    </ClInclude>
    <ClInclude Include="Game\State.h">
      <Filter>Header Files\Game</Filter>
    </ClInclude>
    <ClInclude Include="Game\TextBox.h">
      <Filter>Header Files\Game</Filter>
    </ClInclude>
    <ClInclude Include="Game\TitleScreenState.h">
      <Filter>Header Files\Game</Filter>
    </ClInclude>
    <ClInclude Include="Game\UFO.h">
      <Filter>Header Files\Game</Filter>
    </ClInclude>
    <ClInclude Include="PokerProgram.h">
      <Filter>Header Files\Poker</Filter>
    </ClInclude>
    <ClInclude Include="Helper\Textures.h">
      <Filter>Header Files\Helper</Filter>
    </ClInclude>
  </ItemGroup>
</Project>