<?xml version="1.0" encoding="utf-8"?>
<Project ToolsVersion="4.0" xmlns="http://schemas.microsoft.com/developer/msbuild/2003">
  <ItemGroup>
    <Filter Include="Source Files">
      <UniqueIdentifier>{4FC737F1-C7A5-4376-A066-2A32D752A2FF}</UniqueIdentifier>
      <Extensions>cpp;c;cc;cxx;c++;cppm;ixx;def;odl;idl;hpj;bat;asm;asmx</Extensions>
    </Filter>
    <Filter Include="Header Files">
      <UniqueIdentifier>{93995380-89BD-4b04-88EB-625FBE52EBFB}</UniqueIdentifier>
      <Extensions>h;hh;hpp;hxx;h++;hm;inl;inc;ipp;xsd</Extensions>
    </Filter>
    <Filter Include="Resource Files">
      <UniqueIdentifier>{67DA6AB6-F800-4c08-8B7A-83BB121AAD01}</UniqueIdentifier>
      <Extensions>rc;ico;cur;bmp;dlg;rc2;rct;bin;rgs;gif;jpg;jpeg;jpe;resx;tiff;tif;png;wav;mfcribbon-ms</Extensions>
    </Filter>
    <Filter Include="Header Files\Helper">
      <UniqueIdentifier>{a3123375-a07a-4510-843a-d496c765410a}</UniqueIdentifier>
    </Filter>
    <Filter Include="Source Files\Helper">
      <UniqueIdentifier>{fb120fdc-981e-49a4-999a-972de8411b17}</UniqueIdentifier>
    </Filter>
    <Filter Include="Header Files\BouncingBall">
      <UniqueIdentifier>{a62a55c0-1543-49b9-80ee-973b25482e4f}</UniqueIdentifier>
    </Filter>
    <Filter Include="Header Files\2DArray">
      <UniqueIdentifier>{ea3075b0-eb49-49c3-9634-d24e33e65179}</UniqueIdentifier>
    </Filter>
    <Filter Include="Header Files\Poker">
      <UniqueIdentifier>{7fdd0231-79ab-4d24-9c57-069a6bea3fa6}</UniqueIdentifier>
    </Filter>
    <Filter Include="Header Files\Game">
      <UniqueIdentifier>{ce52557a-3366-4a04-a9a5-115ae59dad30}</UniqueIdentifier>
    </Filter>
    <Filter Include="Source Files\BouncingBall">
      <UniqueIdentifier>{8c436199-640b-4589-99a7-4fa6f94e315a}</UniqueIdentifier>
    </Filter>
    <Filter Include="Source Files\2DArray">
      <UniqueIdentifier>{e04c9b01-6077-47ec-92a1-95ce4cc26920}</UniqueIdentifier>
    </Filter>
    <Filter Include="Source Files\Poker">
      <UniqueIdentifier>{57ade804-1491-4bda-a92d-0f8ded7eef40}</UniqueIdentifier>
    </Filter>
    <Filter Include="Source Files\Game">
      <UniqueIdentifier>{726d1e97-008b-492b-8f02-6318cec9386e}</UniqueIdentifier>
    </Filter>
    <Filter Include="Header Files\Calculator">
      <UniqueIdentifier>{22db02f2-3ea7-47e7-829f-d04677ecad1d}</UniqueIdentifier>
    </Filter>
    <Filter Include="Source Files\Calculator">
      <UniqueIdentifier>{2e362030-5a5d-4917-84f8-2c6c1405dff5}</UniqueIdentifier>
    </Filter>
  </ItemGroup>
  <ItemGroup>
    <ClCompile Include="Main.cpp">
      <Filter>Source Files</Filter>
    </ClCompile>
    <ClCompile Include="Portfolio.cpp">
      <Filter>Source Files</Filter>
    </ClCompile>
    <ClCompile Include="Program.cpp">
      <Filter>Source Files</Filter>
    </ClCompile>
    <ClCompile Include="Helper\Button.cpp">
      <Filter>Source Files\Helper</Filter>
    </ClCompile>
    <ClCompile Include="Helper\Fonts.cpp">
      <Filter>Source Files\Helper</Filter>
    </ClCompile>
    <ClCompile Include="Helper\MouseEvents.cpp">
      <Filter>Source Files\Helper</Filter>
    </ClCompile>
    <ClCompile Include="Helper\Position.cpp">
      <Filter>Source Files\Helper</Filter>
    </ClCompile>
    <ClCompile Include="GridProgram.cpp">
      <Filter>Source Files\2DArray</Filter>
    </ClCompile>
    <ClCompile Include="2DArray\SFMLGrid.cpp">
      <Filter>Source Files\2DArray</Filter>
    </ClCompile>
  </ItemGroup>
  <ItemGroup>
    <ClInclude Include="Portfolio.h">
      <Filter>Header Files</Filter>
    </ClInclude>
    <ClInclude Include="Program.h">
      <Filter>Header Files</Filter>
    </ClInclude>
    <ClInclude Include="Helper\Button.h">
      <Filter>Header Files\Helper</Filter>
    </ClInclude>
    <ClInclude Include="Helper\ColorPalette.h">
      <Filter>Header Files\Helper</Filter>
    </ClInclude>
    <ClInclude Include="Helper\Fonts.h">
      <Filter>Header Files\Helper</Filter>
    </ClInclude>
    <ClInclude Include="Helper\MouseEvents.h">
      <Filter>Header Files\Helper</Filter>
    </ClInclude>
    <ClInclude Include="Helper\Position.h">
      <Filter>Header Files\Helper</Filter>
    </ClInclude>
    <ClInclude Include="2DArray\SFMLGrid.h">
      <Filter>Header Files\2DArray</Filter>
    </ClInclude>
    <ClInclude Include="GridProgram.h">
      <Filter>Header Files\2DArray</Filter>
    </ClInclude>
  </ItemGroup>
</Project>